
Microsoft Visual Studio Solution File, Format Version 12.00
# Visual Studio 15
VisualStudioVersion = 15.0.28307.1209
MinimumVisualStudioVersion = 10.0.40219.1
Project("{9A19103F-16F7-4668-BE54-9A1E7A4F7556}") = "IteratorPattern", "IteratorPattern\IteratorPattern.csproj", "{316121D5-C1EA-4F66-8329-47212B274B04}"
EndProject
Project("{9A19103F-16F7-4668-BE54-9A1E7A4F7556}") = "AdapterPattern_Extend", "AdapterPattern_Extend\AdapterPattern_Extend.csproj", "{8075CA84-76E1-40C8-9AEF-69F222AAAAFB}"
EndProject
Project("{9A19103F-16F7-4668-BE54-9A1E7A4F7556}") = "AdapterPattern_Delegate", "AdapterPattern_Delegate\AdapterPattern_Delegate.csproj", "{C4D1E66F-E141-4C25-ABFD-E2B85EB38819}"
EndProject
Project("{9A19103F-16F7-4668-BE54-9A1E7A4F7556}") = "TemplatePattern", "TemplatePattern\TemplatePattern.csproj", "{B56C3CE2-AEFE-499A-AFEC-13E805E2064C}"
EndProject
Project("{9A19103F-16F7-4668-BE54-9A1E7A4F7556}") = "FactroyMethodPattern", "FactroyMethodPattern\FactroyMethodPattern.csproj", "{30DB3AA8-9AA7-41C3-A66D-B05D6DF50432}"
EndProject
Project("{9A19103F-16F7-4668-BE54-9A1E7A4F7556}") = "SingletonPattern", "SingletonPattern\SingletonPattern.csproj", "{916144D1-7644-404A-84C6-6C0F0B6E61DE}"
EndProject
Project("{9A19103F-16F7-4668-BE54-9A1E7A4F7556}") = "PrototypePattern", "PrototypePattern\PrototypePattern.csproj", "{EF5F27DF-8EA4-4F98-986A-4AF125ED3A8C}"
EndProject
Project("{9A19103F-16F7-4668-BE54-9A1E7A4F7556}") = "BuilderPattern", "BuilderPattern\BuilderPattern.csproj", "{1EDE0350-1BDC-48AD-A38B-31DE5593ACDF}"
EndProject
Project("{9A19103F-16F7-4668-BE54-9A1E7A4F7556}") = "AbstractFactory", "AbstractFactory\AbstractFactory.csproj", "{109887AF-2315-4EFB-9C35-E11D7F22AA89}"
EndProject
Project("{9A19103F-16F7-4668-BE54-9A1E7A4F7556}") = "BridgePattern", "BridgePattern\BridgePattern.csproj", "{6E93DC6B-DC74-4495-BF03-91DA984E8327}"
EndProject
Project("{9A19103F-16F7-4668-BE54-9A1E7A4F7556}") = "StrategyPattern", "StrategyPattern\StrategyPattern.csproj", "{F2D152E7-6B95-46E0-8F04-194CB93024CF}"
EndProject
Project("{9A19103F-16F7-4668-BE54-9A1E7A4F7556}") = "CompositePattern", "CompositePattern\CompositePattern.csproj", "{42969D23-B179-4D58-8D02-7CF0AFE6D2DA}"
EndProject
Project("{FAE04EC0-301F-11D3-BF4B-00C04F79EFBC}") = "DecolatorPattern", "DecolatorPattern\DecolatorPattern.csproj", "{092A8B6D-8BF9-4DDA-BF8E-C086E073C88D}"
EndProject
Global
	GlobalSection(SolutionConfigurationPlatforms) = preSolution
		Debug|Any CPU = Debug|Any CPU
		Debug|x64 = Debug|x64
		Debug|x86 = Debug|x86
		Release|Any CPU = Release|Any CPU
		Release|x64 = Release|x64
		Release|x86 = Release|x86
	EndGlobalSection
	GlobalSection(ProjectConfigurationPlatforms) = postSolution
		{316121D5-C1EA-4F66-8329-47212B274B04}.Debug|Any CPU.ActiveCfg = Debug|Any CPU
		{316121D5-C1EA-4F66-8329-47212B274B04}.Debug|Any CPU.Build.0 = Debug|Any CPU
		{316121D5-C1EA-4F66-8329-47212B274B04}.Debug|x64.ActiveCfg = Debug|Any CPU
		{316121D5-C1EA-4F66-8329-47212B274B04}.Debug|x64.Build.0 = Debug|Any CPU
		{316121D5-C1EA-4F66-8329-47212B274B04}.Debug|x86.ActiveCfg = Debug|Any CPU
		{316121D5-C1EA-4F66-8329-47212B274B04}.Debug|x86.Build.0 = Debug|Any CPU
		{316121D5-C1EA-4F66-8329-47212B274B04}.Release|Any CPU.ActiveCfg = Debug|Any CPU
		{316121D5-C1EA-4F66-8329-47212B274B04}.Release|Any CPU.Build.0 = Debug|Any CPU
		{316121D5-C1EA-4F66-8329-47212B274B04}.Release|x64.ActiveCfg = Debug|Any CPU
		{316121D5-C1EA-4F66-8329-47212B274B04}.Release|x64.Build.0 = Debug|Any CPU
		{316121D5-C1EA-4F66-8329-47212B274B04}.Release|x86.ActiveCfg = Debug|Any CPU
		{316121D5-C1EA-4F66-8329-47212B274B04}.Release|x86.Build.0 = Debug|Any CPU
		{8075CA84-76E1-40C8-9AEF-69F222AAAAFB}.Debug|Any CPU.ActiveCfg = Debug|Any CPU
		{8075CA84-76E1-40C8-9AEF-69F222AAAAFB}.Debug|Any CPU.Build.0 = Debug|Any CPU
		{8075CA84-76E1-40C8-9AEF-69F222AAAAFB}.Debug|x64.ActiveCfg = Debug|Any CPU
		{8075CA84-76E1-40C8-9AEF-69F222AAAAFB}.Debug|x64.Build.0 = Debug|Any CPU
		{8075CA84-76E1-40C8-9AEF-69F222AAAAFB}.Debug|x86.ActiveCfg = Debug|Any CPU
		{8075CA84-76E1-40C8-9AEF-69F222AAAAFB}.Debug|x86.Build.0 = Debug|Any CPU
		{8075CA84-76E1-40C8-9AEF-69F222AAAAFB}.Release|Any CPU.ActiveCfg = Debug|Any CPU
		{8075CA84-76E1-40C8-9AEF-69F222AAAAFB}.Release|Any CPU.Build.0 = Debug|Any CPU
		{8075CA84-76E1-40C8-9AEF-69F222AAAAFB}.Release|x64.ActiveCfg = Debug|Any CPU
		{8075CA84-76E1-40C8-9AEF-69F222AAAAFB}.Release|x64.Build.0 = Debug|Any CPU
		{8075CA84-76E1-40C8-9AEF-69F222AAAAFB}.Release|x86.ActiveCfg = Debug|Any CPU
		{8075CA84-76E1-40C8-9AEF-69F222AAAAFB}.Release|x86.Build.0 = Debug|Any CPU
		{C4D1E66F-E141-4C25-ABFD-E2B85EB38819}.Debug|Any CPU.ActiveCfg = Debug|Any CPU
		{C4D1E66F-E141-4C25-ABFD-E2B85EB38819}.Debug|Any CPU.Build.0 = Debug|Any CPU
		{C4D1E66F-E141-4C25-ABFD-E2B85EB38819}.Debug|x64.ActiveCfg = Debug|Any CPU
		{C4D1E66F-E141-4C25-ABFD-E2B85EB38819}.Debug|x64.Build.0 = Debug|Any CPU
		{C4D1E66F-E141-4C25-ABFD-E2B85EB38819}.Debug|x86.ActiveCfg = Debug|Any CPU
		{C4D1E66F-E141-4C25-ABFD-E2B85EB38819}.Debug|x86.Build.0 = Debug|Any CPU
		{C4D1E66F-E141-4C25-ABFD-E2B85EB38819}.Release|Any CPU.ActiveCfg = Debug|Any CPU
		{C4D1E66F-E141-4C25-ABFD-E2B85EB38819}.Release|Any CPU.Build.0 = Debug|Any CPU
		{C4D1E66F-E141-4C25-ABFD-E2B85EB38819}.Release|x64.ActiveCfg = Debug|Any CPU
		{C4D1E66F-E141-4C25-ABFD-E2B85EB38819}.Release|x64.Build.0 = Debug|Any CPU
		{C4D1E66F-E141-4C25-ABFD-E2B85EB38819}.Release|x86.ActiveCfg = Debug|Any CPU
		{C4D1E66F-E141-4C25-ABFD-E2B85EB38819}.Release|x86.Build.0 = Debug|Any CPU
		{B56C3CE2-AEFE-499A-AFEC-13E805E2064C}.Debug|Any CPU.ActiveCfg = Debug|Any CPU
		{B56C3CE2-AEFE-499A-AFEC-13E805E2064C}.Debug|Any CPU.Build.0 = Debug|Any CPU
		{B56C3CE2-AEFE-499A-AFEC-13E805E2064C}.Debug|x64.ActiveCfg = Debug|Any CPU
		{B56C3CE2-AEFE-499A-AFEC-13E805E2064C}.Debug|x64.Build.0 = Debug|Any CPU
		{B56C3CE2-AEFE-499A-AFEC-13E805E2064C}.Debug|x86.ActiveCfg = Debug|Any CPU
		{B56C3CE2-AEFE-499A-AFEC-13E805E2064C}.Debug|x86.Build.0 = Debug|Any CPU
		{B56C3CE2-AEFE-499A-AFEC-13E805E2064C}.Release|Any CPU.ActiveCfg = Release|Any CPU
		{B56C3CE2-AEFE-499A-AFEC-13E805E2064C}.Release|Any CPU.Build.0 = Release|Any CPU
		{B56C3CE2-AEFE-499A-AFEC-13E805E2064C}.Release|x64.ActiveCfg = Release|Any CPU
		{B56C3CE2-AEFE-499A-AFEC-13E805E2064C}.Release|x64.Build.0 = Release|Any CPU
		{B56C3CE2-AEFE-499A-AFEC-13E805E2064C}.Release|x86.ActiveCfg = Release|Any CPU
		{B56C3CE2-AEFE-499A-AFEC-13E805E2064C}.Release|x86.Build.0 = Release|Any CPU
		{30DB3AA8-9AA7-41C3-A66D-B05D6DF50432}.Debug|Any CPU.ActiveCfg = Debug|Any CPU
		{30DB3AA8-9AA7-41C3-A66D-B05D6DF50432}.Debug|Any CPU.Build.0 = Debug|Any CPU
		{30DB3AA8-9AA7-41C3-A66D-B05D6DF50432}.Debug|x64.ActiveCfg = Debug|Any CPU
		{30DB3AA8-9AA7-41C3-A66D-B05D6DF50432}.Debug|x64.Build.0 = Debug|Any CPU
		{30DB3AA8-9AA7-41C3-A66D-B05D6DF50432}.Debug|x86.ActiveCfg = Debug|Any CPU
		{30DB3AA8-9AA7-41C3-A66D-B05D6DF50432}.Debug|x86.Build.0 = Debug|Any CPU
		{30DB3AA8-9AA7-41C3-A66D-B05D6DF50432}.Release|Any CPU.ActiveCfg = Release|Any CPU
		{30DB3AA8-9AA7-41C3-A66D-B05D6DF50432}.Release|Any CPU.Build.0 = Release|Any CPU
		{30DB3AA8-9AA7-41C3-A66D-B05D6DF50432}.Release|x64.ActiveCfg = Release|Any CPU
		{30DB3AA8-9AA7-41C3-A66D-B05D6DF50432}.Release|x64.Build.0 = Release|Any CPU
		{30DB3AA8-9AA7-41C3-A66D-B05D6DF50432}.Release|x86.ActiveCfg = Release|Any CPU
		{30DB3AA8-9AA7-41C3-A66D-B05D6DF50432}.Release|x86.Build.0 = Release|Any CPU
		{916144D1-7644-404A-84C6-6C0F0B6E61DE}.Debug|Any CPU.ActiveCfg = Debug|Any CPU
		{916144D1-7644-404A-84C6-6C0F0B6E61DE}.Debug|Any CPU.Build.0 = Debug|Any CPU
		{916144D1-7644-404A-84C6-6C0F0B6E61DE}.Debug|x64.ActiveCfg = Debug|Any CPU
		{916144D1-7644-404A-84C6-6C0F0B6E61DE}.Debug|x64.Build.0 = Debug|Any CPU
		{916144D1-7644-404A-84C6-6C0F0B6E61DE}.Debug|x86.ActiveCfg = Debug|Any CPU
		{916144D1-7644-404A-84C6-6C0F0B6E61DE}.Debug|x86.Build.0 = Debug|Any CPU
		{916144D1-7644-404A-84C6-6C0F0B6E61DE}.Release|Any CPU.ActiveCfg = Release|Any CPU
		{916144D1-7644-404A-84C6-6C0F0B6E61DE}.Release|Any CPU.Build.0 = Release|Any CPU
		{916144D1-7644-404A-84C6-6C0F0B6E61DE}.Release|x64.ActiveCfg = Release|Any CPU
		{916144D1-7644-404A-84C6-6C0F0B6E61DE}.Release|x64.Build.0 = Release|Any CPU
		{916144D1-7644-404A-84C6-6C0F0B6E61DE}.Release|x86.ActiveCfg = Release|Any CPU
		{916144D1-7644-404A-84C6-6C0F0B6E61DE}.Release|x86.Build.0 = Release|Any CPU
		{EF5F27DF-8EA4-4F98-986A-4AF125ED3A8C}.Debug|Any CPU.ActiveCfg = Debug|Any CPU
		{EF5F27DF-8EA4-4F98-986A-4AF125ED3A8C}.Debug|Any CPU.Build.0 = Debug|Any CPU
		{EF5F27DF-8EA4-4F98-986A-4AF125ED3A8C}.Debug|x64.ActiveCfg = Debug|Any CPU
		{EF5F27DF-8EA4-4F98-986A-4AF125ED3A8C}.Debug|x64.Build.0 = Debug|Any CPU
		{EF5F27DF-8EA4-4F98-986A-4AF125ED3A8C}.Debug|x86.ActiveCfg = Debug|Any CPU
		{EF5F27DF-8EA4-4F98-986A-4AF125ED3A8C}.Debug|x86.Build.0 = Debug|Any CPU
		{EF5F27DF-8EA4-4F98-986A-4AF125ED3A8C}.Release|Any CPU.ActiveCfg = Release|Any CPU
		{EF5F27DF-8EA4-4F98-986A-4AF125ED3A8C}.Release|Any CPU.Build.0 = Release|Any CPU
		{EF5F27DF-8EA4-4F98-986A-4AF125ED3A8C}.Release|x64.ActiveCfg = Release|Any CPU
		{EF5F27DF-8EA4-4F98-986A-4AF125ED3A8C}.Release|x64.Build.0 = Release|Any CPU
		{EF5F27DF-8EA4-4F98-986A-4AF125ED3A8C}.Release|x86.ActiveCfg = Release|Any CPU
		{EF5F27DF-8EA4-4F98-986A-4AF125ED3A8C}.Release|x86.Build.0 = Release|Any CPU
		{1EDE0350-1BDC-48AD-A38B-31DE5593ACDF}.Debug|Any CPU.ActiveCfg = Debug|Any CPU
		{1EDE0350-1BDC-48AD-A38B-31DE5593ACDF}.Debug|Any CPU.Build.0 = Debug|Any CPU
		{1EDE0350-1BDC-48AD-A38B-31DE5593ACDF}.Debug|x64.ActiveCfg = Debug|Any CPU
		{1EDE0350-1BDC-48AD-A38B-31DE5593ACDF}.Debug|x64.Build.0 = Debug|Any CPU
		{1EDE0350-1BDC-48AD-A38B-31DE5593ACDF}.Debug|x86.ActiveCfg = Debug|Any CPU
		{1EDE0350-1BDC-48AD-A38B-31DE5593ACDF}.Debug|x86.Build.0 = Debug|Any CPU
		{1EDE0350-1BDC-48AD-A38B-31DE5593ACDF}.Release|Any CPU.ActiveCfg = Release|Any CPU
		{1EDE0350-1BDC-48AD-A38B-31DE5593ACDF}.Release|Any CPU.Build.0 = Release|Any CPU
		{1EDE0350-1BDC-48AD-A38B-31DE5593ACDF}.Release|x64.ActiveCfg = Release|Any CPU
		{1EDE0350-1BDC-48AD-A38B-31DE5593ACDF}.Release|x64.Build.0 = Release|Any CPU
		{1EDE0350-1BDC-48AD-A38B-31DE5593ACDF}.Release|x86.ActiveCfg = Release|Any CPU
		{1EDE0350-1BDC-48AD-A38B-31DE5593ACDF}.Release|x86.Build.0 = Release|Any CPU
		{109887AF-2315-4EFB-9C35-E11D7F22AA89}.Debug|Any CPU.ActiveCfg = Debug|Any CPU
		{109887AF-2315-4EFB-9C35-E11D7F22AA89}.Debug|Any CPU.Build.0 = Debug|Any CPU
		{109887AF-2315-4EFB-9C35-E11D7F22AA89}.Debug|x64.ActiveCfg = Debug|Any CPU
		{109887AF-2315-4EFB-9C35-E11D7F22AA89}.Debug|x64.Build.0 = Debug|Any CPU
		{109887AF-2315-4EFB-9C35-E11D7F22AA89}.Debug|x86.ActiveCfg = Debug|Any CPU
		{109887AF-2315-4EFB-9C35-E11D7F22AA89}.Debug|x86.Build.0 = Debug|Any CPU
		{109887AF-2315-4EFB-9C35-E11D7F22AA89}.Release|Any CPU.ActiveCfg = Release|Any CPU
		{109887AF-2315-4EFB-9C35-E11D7F22AA89}.Release|Any CPU.Build.0 = Release|Any CPU
		{109887AF-2315-4EFB-9C35-E11D7F22AA89}.Release|x64.ActiveCfg = Release|Any CPU
		{109887AF-2315-4EFB-9C35-E11D7F22AA89}.Release|x64.Build.0 = Release|Any CPU
		{109887AF-2315-4EFB-9C35-E11D7F22AA89}.Release|x86.ActiveCfg = Release|Any CPU
		{109887AF-2315-4EFB-9C35-E11D7F22AA89}.Release|x86.Build.0 = Release|Any CPU
		{6E93DC6B-DC74-4495-BF03-91DA984E8327}.Debug|Any CPU.ActiveCfg = Debug|Any CPU
		{6E93DC6B-DC74-4495-BF03-91DA984E8327}.Debug|Any CPU.Build.0 = Debug|Any CPU
		{6E93DC6B-DC74-4495-BF03-91DA984E8327}.Debug|x64.ActiveCfg = Debug|Any CPU
		{6E93DC6B-DC74-4495-BF03-91DA984E8327}.Debug|x64.Build.0 = Debug|Any CPU
		{6E93DC6B-DC74-4495-BF03-91DA984E8327}.Debug|x86.ActiveCfg = Debug|Any CPU
		{6E93DC6B-DC74-4495-BF03-91DA984E8327}.Debug|x86.Build.0 = Debug|Any CPU
		{6E93DC6B-DC74-4495-BF03-91DA984E8327}.Release|Any CPU.ActiveCfg = Release|Any CPU
		{6E93DC6B-DC74-4495-BF03-91DA984E8327}.Release|Any CPU.Build.0 = Release|Any CPU
		{6E93DC6B-DC74-4495-BF03-91DA984E8327}.Release|x64.ActiveCfg = Release|Any CPU
		{6E93DC6B-DC74-4495-BF03-91DA984E8327}.Release|x64.Build.0 = Release|Any CPU
		{6E93DC6B-DC74-4495-BF03-91DA984E8327}.Release|x86.ActiveCfg = Release|Any CPU
		{6E93DC6B-DC74-4495-BF03-91DA984E8327}.Release|x86.Build.0 = Release|Any CPU
		{F2D152E7-6B95-46E0-8F04-194CB93024CF}.Debug|Any CPU.ActiveCfg = Debug|Any CPU
		{F2D152E7-6B95-46E0-8F04-194CB93024CF}.Debug|Any CPU.Build.0 = Debug|Any CPU
		{F2D152E7-6B95-46E0-8F04-194CB93024CF}.Debug|x64.ActiveCfg = Debug|Any CPU
		{F2D152E7-6B95-46E0-8F04-194CB93024CF}.Debug|x64.Build.0 = Debug|Any CPU
		{F2D152E7-6B95-46E0-8F04-194CB93024CF}.Debug|x86.ActiveCfg = Debug|Any CPU
		{F2D152E7-6B95-46E0-8F04-194CB93024CF}.Debug|x86.Build.0 = Debug|Any CPU
		{F2D152E7-6B95-46E0-8F04-194CB93024CF}.Release|Any CPU.ActiveCfg = Release|Any CPU
		{F2D152E7-6B95-46E0-8F04-194CB93024CF}.Release|Any CPU.Build.0 = Release|Any CPU
		{F2D152E7-6B95-46E0-8F04-194CB93024CF}.Release|x64.ActiveCfg = Release|Any CPU
		{F2D152E7-6B95-46E0-8F04-194CB93024CF}.Release|x64.Build.0 = Release|Any CPU
		{F2D152E7-6B95-46E0-8F04-194CB93024CF}.Release|x86.ActiveCfg = Release|Any CPU
		{F2D152E7-6B95-46E0-8F04-194CB93024CF}.Release|x86.Build.0 = Release|Any CPU
		{42969D23-B179-4D58-8D02-7CF0AFE6D2DA}.Debug|Any CPU.ActiveCfg = Debug|Any CPU
		{42969D23-B179-4D58-8D02-7CF0AFE6D2DA}.Debug|Any CPU.Build.0 = Debug|Any CPU
		{42969D23-B179-4D58-8D02-7CF0AFE6D2DA}.Debug|x64.ActiveCfg = Debug|Any CPU
		{42969D23-B179-4D58-8D02-7CF0AFE6D2DA}.Debug|x64.Build.0 = Debug|Any CPU
		{42969D23-B179-4D58-8D02-7CF0AFE6D2DA}.Debug|x86.ActiveCfg = Debug|Any CPU
		{42969D23-B179-4D58-8D02-7CF0AFE6D2DA}.Debug|x86.Build.0 = Debug|Any CPU
		{42969D23-B179-4D58-8D02-7CF0AFE6D2DA}.Release|Any CPU.ActiveCfg = Release|Any CPU
		{42969D23-B179-4D58-8D02-7CF0AFE6D2DA}.Release|Any CPU.Build.0 = Release|Any CPU
		{42969D23-B179-4D58-8D02-7CF0AFE6D2DA}.Release|x64.ActiveCfg = Release|Any CPU
		{42969D23-B179-4D58-8D02-7CF0AFE6D2DA}.Release|x64.Build.0 = Release|Any CPU
		{42969D23-B179-4D58-8D02-7CF0AFE6D2DA}.Release|x86.ActiveCfg = Release|Any CPU
		{42969D23-B179-4D58-8D02-7CF0AFE6D2DA}.Release|x86.Build.0 = Release|Any CPU
		{092A8B6D-8BF9-4DDA-BF8E-C086E073C88D}.Debug|Any CPU.ActiveCfg = Debug|Any CPU
		{092A8B6D-8BF9-4DDA-BF8E-C086E073C88D}.Debug|Any CPU.Build.0 = Debug|Any CPU
		{092A8B6D-8BF9-4DDA-BF8E-C086E073C88D}.Debug|x64.ActiveCfg = Debug|Any CPU
		{092A8B6D-8BF9-4DDA-BF8E-C086E073C88D}.Debug|x64.Build.0 = Debug|Any CPU
		{092A8B6D-8BF9-4DDA-BF8E-C086E073C88D}.Debug|x86.ActiveCfg = Debug|Any CPU
		{092A8B6D-8BF9-4DDA-BF8E-C086E073C88D}.Debug|x86.Build.0 = Debug|Any CPU
		{092A8B6D-8BF9-4DDA-BF8E-C086E073C88D}.Release|Any CPU.ActiveCfg = Release|Any CPU
		{092A8B6D-8BF9-4DDA-BF8E-C086E073C88D}.Release|Any CPU.Build.0 = Release|Any CPU
		{092A8B6D-8BF9-4DDA-BF8E-C086E073C88D}.Release|x64.ActiveCfg = Release|Any CPU
		{092A8B6D-8BF9-4DDA-BF8E-C086E073C88D}.Release|x64.Build.0 = Release|Any CPU
		{092A8B6D-8BF9-4DDA-BF8E-C086E073C88D}.Release|x86.ActiveCfg = Release|Any CPU
		{092A8B6D-8BF9-4DDA-BF8E-C086E073C88D}.Release|x86.Build.0 = Release|Any CPU
	EndGlobalSection
	GlobalSection(SolutionProperties) = preSolution
		HideSolutionNode = FALSE
	EndGlobalSection
	GlobalSection(ExtensibilityGlobals) = postSolution
		SolutionGuid = {ABE51D4E-0351-4925-8E53-3014C462C279}
	EndGlobalSection
EndGlobal
